
Microsoft Visual Studio Solution File, Format Version 12.00
# Visual Studio Version 16
VisualStudioVersion = 16.0.31624.102
MinimumVisualStudioVersion = 10.0.40219.1
Project("{FAE04EC0-301F-11D3-BF4B-00C04F79EFBC}") = "AdventureGame", "AdventureGame\AdventureGame.csproj", "{5188CCA1-E795-4FE0-BF04-FDB3056B2EC3}"
EndProject
Global
	GlobalSection(SolutionConfigurationPlatforms) = preSolution
		Debug|Any CPU = Debug|Any CPU
		Release|Any CPU = Release|Any CPU
	EndGlobalSection
	GlobalSection(ProjectConfigurationPlatforms) = postSolution
		{5188CCA1-E795-4FE0-BF04-FDB3056B2EC3}.Debug|Any CPU.ActiveCfg = Debug|Any CPU
		{5188CCA1-E795-4FE0-BF04-FDB3056B2EC3}.Debug|Any CPU.Build.0 = Debug|Any CPU
		{5188CCA1-E795-4FE0-BF04-FDB3056B2EC3}.Release|Any CPU.ActiveCfg = Release|Any CPU
		{5188CCA1-E795-4FE0-BF04-FDB3056B2EC3}.Release|Any CPU.Build.0 = Release|Any CPU
	EndGlobalSection
	GlobalSection(SolutionProperties) = preSolution
		HideSolutionNode = FALSE
	EndGlobalSection
	GlobalSection(ExtensibilityGlobals) = postSolution
		SolutionGuid = {ABCB3D5F-8C23-430C-BC18-DA79938A23EE}
	EndGlobalSection
EndGlobal
